
Microsoft Visual Studio Solution File, Format Version 11.00
# Visual Studio 2010
Project("{FAE04EC0-301F-11D3-BF4B-00C04F79EFBC}") = "SeatingMvc", "SeatingMvc\SeatingMvc.csproj", "{98EC2087-BE78-4986-BA67-8E0FDAD24FE7}"
EndProject
Project("{FAE04EC0-301F-11D3-BF4B-00C04F79EFBC}") = "SeatingMvc.Components", "SeatingMvc.Components\SeatingMvc.Components.csproj", "{C7581A67-2D80-430D-9E5F-961B4B3621C3}"
EndProject
Global
	GlobalSection(SubversionScc) = preSolution
		Svn-Managed = True
		Manager = AnkhSVN - Subversion Support for Visual Studio
	EndGlobalSection
	GlobalSection(SolutionConfigurationPlatforms) = preSolution
		Debug|Any CPU = Debug|Any CPU
		Release|Any CPU = Release|Any CPU
	EndGlobalSection
	GlobalSection(ProjectConfigurationPlatforms) = postSolution
		{98EC2087-BE78-4986-BA67-8E0FDAD24FE7}.Debug|Any CPU.ActiveCfg = Debug|Any CPU
		{98EC2087-BE78-4986-BA67-8E0FDAD24FE7}.Debug|Any CPU.Build.0 = Debug|Any CPU
		{98EC2087-BE78-4986-BA67-8E0FDAD24FE7}.Release|Any CPU.ActiveCfg = Release|Any CPU
		{98EC2087-BE78-4986-BA67-8E0FDAD24FE7}.Release|Any CPU.Build.0 = Release|Any CPU
		{C7581A67-2D80-430D-9E5F-961B4B3621C3}.Debug|Any CPU.ActiveCfg = Debug|Any CPU
		{C7581A67-2D80-430D-9E5F-961B4B3621C3}.Debug|Any CPU.Build.0 = Debug|Any CPU
		{C7581A67-2D80-430D-9E5F-961B4B3621C3}.Release|Any CPU.ActiveCfg = Release|Any CPU
		{C7581A67-2D80-430D-9E5F-961B4B3621C3}.Release|Any CPU.Build.0 = Release|Any CPU
	EndGlobalSection
	GlobalSection(SolutionProperties) = preSolution
		HideSolutionNode = FALSE
	EndGlobalSection
EndGlobal
